// !$*UTF8*$!
{
	archiveVersion = 1;
	classes = {
	};
	objectVersion = 50;
	objects = {

/* Begin PBXBuildFile section */
		39530AB1226999560005ADFC /* DynamicLibrary.dylib in Frameworks */ = {isa = PBXBuildFile; fileRef = 39590C8822687A7F00BA23CA /* DynamicLibrary.dylib */; };
		39530AB3226999E40005ADFC /* static_lib.c in Sources */ = {isa = PBXBuildFile; fileRef = 39590C9222687FE200BA23CA /* static_lib.c */; };
		39530AB4226999F90005ADFC /* libStaticLibrary.a in Frameworks */ = {isa = PBXBuildFile; fileRef = 39590C792268785B00BA23CA /* libStaticLibrary.a */; };
		39530AB722699E630005ADFC /* CustomTableViewCell.m in Sources */ = {isa = PBXBuildFile; fileRef = 39530AB622699E630005ADFC /* CustomTableViewCell.m */; };
		39530ABA226ACEB50005ADFC /* SettingsViewController.m in Sources */ = {isa = PBXBuildFile; fileRef = 39530AB9226ACEB50005ADFC /* SettingsViewController.m */; };
		39530ABD226ACEE10005ADFC /* MoviesApi.m in Sources */ = {isa = PBXBuildFile; fileRef = 39590C972268820500BA23CA /* MoviesApi.m */; };
		39530AC1226B00630005ADFC /* KeyChainWrapper.m in Sources */ = {isa = PBXBuildFile; fileRef = 39530AC0226B00630005ADFC /* KeyChainWrapper.m */; };
		39590C45226876C800BA23CA /* AppDelegate.m in Sources */ = {isa = PBXBuildFile; fileRef = 39590C44226876C800BA23CA /* AppDelegate.m */; };
		39590C48226876C800BA23CA /* ViewController.m in Sources */ = {isa = PBXBuildFile; fileRef = 39590C47226876C800BA23CA /* ViewController.m */; };
		39590C4B226876C800BA23CA /* Main.storyboard in Resources */ = {isa = PBXBuildFile; fileRef = 39590C49226876C800BA23CA /* Main.storyboard */; };
		39590C4D226876CA00BA23CA /* Assets.xcassets in Resources */ = {isa = PBXBuildFile; fileRef = 39590C4C226876CA00BA23CA /* Assets.xcassets */; };
		39590C50226876CA00BA23CA /* LaunchScreen.storyboard in Resources */ = {isa = PBXBuildFile; fileRef = 39590C4E226876CA00BA23CA /* LaunchScreen.storyboard */; };
		39590C53226876CA00BA23CA /* main.m in Sources */ = {isa = PBXBuildFile; fileRef = 39590C52226876CA00BA23CA /* main.m */; };
		39590C5D226876CA00BA23CA /* MoviesAppTests.m in Sources */ = {isa = PBXBuildFile; fileRef = 39590C5C226876CA00BA23CA /* MoviesAppTests.m */; };
		39590C68226876CA00BA23CA /* MoviesAppUITests.m in Sources */ = {isa = PBXBuildFile; fileRef = 39590C67226876CA00BA23CA /* MoviesAppUITests.m */; };
/* End PBXBuildFile section */

/* Begin PBXContainerItemProxy section */
		39590C59226876CA00BA23CA /* PBXContainerItemProxy */ = {
			isa = PBXContainerItemProxy;
			containerPortal = 39590C38226876C800BA23CA /* Project object */;
			proxyType = 1;
			remoteGlobalIDString = 39590C3F226876C800BA23CA;
			remoteInfo = MoviesApp;
		};
		39590C64226876CA00BA23CA /* PBXContainerItemProxy */ = {
			isa = PBXContainerItemProxy;
			containerPortal = 39590C38226876C800BA23CA /* Project object */;
			proxyType = 1;
			remoteGlobalIDString = 39590C3F226876C800BA23CA;
			remoteInfo = MoviesApp;
		};
/* End PBXContainerItemProxy section */

/* Begin PBXCopyFilesBuildPhase section */
		39590C772268785B00BA23CA /* CopyFiles */ = {
			isa = PBXCopyFilesBuildPhase;
			buildActionMask = 2147483647;
			dstPath = "include/$(PRODUCT_NAME)";
			dstSubfolderSpec = 16;
			files = (
			);
			runOnlyForDeploymentPostprocessing = 0;
		};
		39590C8622687A7F00BA23CA /* CopyFiles */ = {
			isa = PBXCopyFilesBuildPhase;
			buildActionMask = 2147483647;
			dstPath = "include/$(PRODUCT_NAME)";
			dstSubfolderSpec = 16;
			files = (
			);
			runOnlyForDeploymentPostprocessing = 0;
		};
/* End PBXCopyFilesBuildPhase section */

/* Begin PBXFileReference section */
		39530AB522699E630005ADFC /* CustomTableViewCell.h */ = {isa = PBXFileReference; lastKnownFileType = sourcecode.c.h; path = CustomTableViewCell.h; sourceTree = "<group>"; };
		39530AB622699E630005ADFC /* CustomTableViewCell.m */ = {isa = PBXFileReference; lastKnownFileType = sourcecode.c.objc; path = CustomTableViewCell.m; sourceTree = "<group>"; };
		39530AB8226ACEB50005ADFC /* SettingsViewController.h */ = {isa = PBXFileReference; lastKnownFileType = sourcecode.c.h; path = SettingsViewController.h; sourceTree = "<group>"; };
		39530AB9226ACEB50005ADFC /* SettingsViewController.m */ = {isa = PBXFileReference; lastKnownFileType = sourcecode.c.objc; path = SettingsViewController.m; sourceTree = "<group>"; };
		39530ABF226B00630005ADFC /* KeyChainWrapper.h */ = {isa = PBXFileReference; lastKnownFileType = sourcecode.c.h; path = KeyChainWrapper.h; sourceTree = "<group>"; };
		39530AC0226B00630005ADFC /* KeyChainWrapper.m */ = {isa = PBXFileReference; lastKnownFileType = sourcecode.c.objc; path = KeyChainWrapper.m; sourceTree = "<group>"; };
		39590C40226876C800BA23CA /* MoviesApp.app */ = {isa = PBXFileReference; explicitFileType = wrapper.application; includeInIndex = 0; path = MoviesApp.app; sourceTree = BUILT_PRODUCTS_DIR; };
		39590C43226876C800BA23CA /* AppDelegate.h */ = {isa = PBXFileReference; lastKnownFileType = sourcecode.c.h; path = AppDelegate.h; sourceTree = "<group>"; };
		39590C44226876C800BA23CA /* AppDelegate.m */ = {isa = PBXFileReference; lastKnownFileType = sourcecode.c.objc; path = AppDelegate.m; sourceTree = "<group>"; };
		39590C46226876C800BA23CA /* ViewController.h */ = {isa = PBXFileReference; lastKnownFileType = sourcecode.c.h; path = ViewController.h; sourceTree = "<group>"; };
		39590C47226876C800BA23CA /* ViewController.m */ = {isa = PBXFileReference; lastKnownFileType = sourcecode.c.objc; path = ViewController.m; sourceTree = "<group>"; };
		39590C4A226876C800BA23CA /* Base */ = {isa = PBXFileReference; lastKnownFileType = file.storyboard; name = Base; path = Base.lproj/Main.storyboard; sourceTree = "<group>"; };
		39590C4C226876CA00BA23CA /* Assets.xcassets */ = {isa = PBXFileReference; lastKnownFileType = folder.assetcatalog; path = Assets.xcassets; sourceTree = "<group>"; };
		39590C4F226876CA00BA23CA /* Base */ = {isa = PBXFileReference; lastKnownFileType = file.storyboard; name = Base; path = Base.lproj/LaunchScreen.storyboard; sourceTree = "<group>"; };
		39590C51226876CA00BA23CA /* Info.plist */ = {isa = PBXFileReference; lastKnownFileType = text.plist.xml; path = Info.plist; sourceTree = "<group>"; };
		39590C52226876CA00BA23CA /* main.m */ = {isa = PBXFileReference; lastKnownFileType = sourcecode.c.objc; path = main.m; sourceTree = "<group>"; };
		39590C58226876CA00BA23CA /* MoviesAppTests.xctest */ = {isa = PBXFileReference; explicitFileType = wrapper.cfbundle; includeInIndex = 0; path = MoviesAppTests.xctest; sourceTree = BUILT_PRODUCTS_DIR; };
		39590C5C226876CA00BA23CA /* MoviesAppTests.m */ = {isa = PBXFileReference; lastKnownFileType = sourcecode.c.objc; path = MoviesAppTests.m; sourceTree = "<group>"; };
		39590C5E226876CA00BA23CA /* Info.plist */ = {isa = PBXFileReference; lastKnownFileType = text.plist.xml; path = Info.plist; sourceTree = "<group>"; };
		39590C63226876CA00BA23CA /* MoviesAppUITests.xctest */ = {isa = PBXFileReference; explicitFileType = wrapper.cfbundle; includeInIndex = 0; path = MoviesAppUITests.xctest; sourceTree = BUILT_PRODUCTS_DIR; };
		39590C67226876CA00BA23CA /* MoviesAppUITests.m */ = {isa = PBXFileReference; lastKnownFileType = sourcecode.c.objc; path = MoviesAppUITests.m; sourceTree = "<group>"; };
		39590C69226876CA00BA23CA /* Info.plist */ = {isa = PBXFileReference; lastKnownFileType = text.plist.xml; path = Info.plist; sourceTree = "<group>"; };
		39590C792268785B00BA23CA /* libStaticLibrary.a */ = {isa = PBXFileReference; explicitFileType = archive.ar; includeInIndex = 0; path = libStaticLibrary.a; sourceTree = BUILT_PRODUCTS_DIR; };
		39590C8822687A7F00BA23CA /* DynamicLibrary.dylib */ = {isa = PBXFileReference; explicitFileType = archive.ar; includeInIndex = 0; path = DynamicLibrary.dylib; sourceTree = BUILT_PRODUCTS_DIR; };
		39590C9122687FE200BA23CA /* static_lib.h */ = {isa = PBXFileReference; lastKnownFileType = sourcecode.c.h; path = static_lib.h; sourceTree = "<group>"; };
		39590C9222687FE200BA23CA /* static_lib.c */ = {isa = PBXFileReference; lastKnownFileType = sourcecode.c.c; path = static_lib.c; sourceTree = "<group>"; };
		39590C962268820500BA23CA /* MoviesApi.h */ = {isa = PBXFileReference; lastKnownFileType = sourcecode.c.h; path = MoviesApi.h; sourceTree = "<group>"; };
		39590C972268820500BA23CA /* MoviesApi.m */ = {isa = PBXFileReference; lastKnownFileType = sourcecode.c.objc; path = MoviesApi.m; sourceTree = "<group>"; };
/* End PBXFileReference section */

/* Begin PBXFrameworksBuildPhase section */
		39590C3D226876C800BA23CA /* Frameworks */ = {
			isa = PBXFrameworksBuildPhase;
			buildActionMask = 2147483647;
			files = (
				39530AB1226999560005ADFC /* DynamicLibrary.dylib in Frameworks */,
			);
			runOnlyForDeploymentPostprocessing = 0;
		};
		39590C55226876CA00BA23CA /* Frameworks */ = {
			isa = PBXFrameworksBuildPhase;
			buildActionMask = 2147483647;
			files = (
			);
			runOnlyForDeploymentPostprocessing = 0;
		};
		39590C60226876CA00BA23CA /* Frameworks */ = {
			isa = PBXFrameworksBuildPhase;
			buildActionMask = 2147483647;
			files = (
			);
			runOnlyForDeploymentPostprocessing = 0;
		};
		39590C762268785B00BA23CA /* Frameworks */ = {
			isa = PBXFrameworksBuildPhase;
			buildActionMask = 2147483647;
			files = (
			);
			runOnlyForDeploymentPostprocessing = 0;
		};
		39590C8522687A7F00BA23CA /* Frameworks */ = {
			isa = PBXFrameworksBuildPhase;
			buildActionMask = 2147483647;
			files = (
				39530AB4226999F90005ADFC /* libStaticLibrary.a in Frameworks */,
			);
			runOnlyForDeploymentPostprocessing = 0;
		};
/* End PBXFrameworksBuildPhase section */

/* Begin PBXGroup section */
		39530ABB226ACECC0005ADFC /* Dynamic */ = {
			isa = PBXGroup;
			children = (
				39590C962268820500BA23CA /* MoviesApi.h */,
				39590C972268820500BA23CA /* MoviesApi.m */,
			);
			path = Dynamic;
			sourceTree = "<group>";
		};
		39530ABE226ACEFB0005ADFC /* Static */ = {
			isa = PBXGroup;
			children = (
				39590C9122687FE200BA23CA /* static_lib.h */,
				39590C9222687FE200BA23CA /* static_lib.c */,
			);
			path = Static;
			sourceTree = "<group>";
		};
		39590C37226876C800BA23CA = {
			isa = PBXGroup;
			children = (
				39530ABE226ACEFB0005ADFC /* Static */,
				39530ABB226ACECC0005ADFC /* Dynamic */,
				39590C42226876C800BA23CA /* MoviesApp */,
				39590C5B226876CA00BA23CA /* MoviesAppTests */,
				39590C66226876CA00BA23CA /* MoviesAppUITests */,
				39590C41226876C800BA23CA /* Products */,
				39590C82226879EF00BA23CA /* Frameworks */,
			);
			sourceTree = "<group>";
		};
		39590C41226876C800BA23CA /* Products */ = {
			isa = PBXGroup;
			children = (
				39590C40226876C800BA23CA /* MoviesApp.app */,
				39590C58226876CA00BA23CA /* MoviesAppTests.xctest */,
				39590C63226876CA00BA23CA /* MoviesAppUITests.xctest */,
				39590C792268785B00BA23CA /* libStaticLibrary.a */,
				39590C8822687A7F00BA23CA /* DynamicLibrary.dylib */,
			);
			name = Products;
			sourceTree = "<group>";
		};
		39590C42226876C800BA23CA /* MoviesApp */ = {
			isa = PBXGroup;
			children = (
				39530AB8226ACEB50005ADFC /* SettingsViewController.h */,
				39530AB9226ACEB50005ADFC /* SettingsViewController.m */,
				39590C43226876C800BA23CA /* AppDelegate.h */,
				39590C44226876C800BA23CA /* AppDelegate.m */,
				39590C46226876C800BA23CA /* ViewController.h */,
				39590C47226876C800BA23CA /* ViewController.m */,
				39590C49226876C800BA23CA /* Main.storyboard */,
				39530AB522699E630005ADFC /* CustomTableViewCell.h */,
				39530AB622699E630005ADFC /* CustomTableViewCell.m */,
				39590C4C226876CA00BA23CA /* Assets.xcassets */,
				39590C4E226876CA00BA23CA /* LaunchScreen.storyboard */,
				39590C51226876CA00BA23CA /* Info.plist */,
				39590C52226876CA00BA23CA /* main.m */,
				39530ABF226B00630005ADFC /* KeyChainWrapper.h */,
				39530AC0226B00630005ADFC /* KeyChainWrapper.m */,
			);
			path = MoviesApp;
			sourceTree = "<group>";
		};
		39590C5B226876CA00BA23CA /* MoviesAppTests */ = {
			isa = PBXGroup;
			children = (
				39590C5C226876CA00BA23CA /* MoviesAppTests.m */,
				39590C5E226876CA00BA23CA /* Info.plist */,
			);
			path = MoviesAppTests;
			sourceTree = "<group>";
		};
		39590C66226876CA00BA23CA /* MoviesAppUITests */ = {
			isa = PBXGroup;
			children = (
				39590C67226876CA00BA23CA /* MoviesAppUITests.m */,
				39590C69226876CA00BA23CA /* Info.plist */,
			);
			path = MoviesAppUITests;
			sourceTree = "<group>";
		};
		39590C82226879EF00BA23CA /* Frameworks */ = {
			isa = PBXGroup;
			children = (
			);
			name = Frameworks;
			sourceTree = "<group>";
		};
/* End PBXGroup section */

/* Begin PBXNativeTarget section */
		39590C3F226876C800BA23CA /* MoviesApp */ = {
			isa = PBXNativeTarget;
			buildConfigurationList = 39590C6C226876CA00BA23CA /* Build configuration list for PBXNativeTarget "MoviesApp" */;
			buildPhases = (
				39590C3C226876C800BA23CA /* Sources */,
				39590C3D226876C800BA23CA /* Frameworks */,
				39590C3E226876C800BA23CA /* Resources */,
			);
			buildRules = (
			);
			dependencies = (
			);
			name = MoviesApp;
			productName = MoviesApp;
			productReference = 39590C40226876C800BA23CA /* MoviesApp.app */;
			productType = "com.apple.product-type.application";
		};
		39590C57226876CA00BA23CA /* MoviesAppTests */ = {
			isa = PBXNativeTarget;
			buildConfigurationList = 39590C6F226876CA00BA23CA /* Build configuration list for PBXNativeTarget "MoviesAppTests" */;
			buildPhases = (
				39590C54226876CA00BA23CA /* Sources */,
				39590C55226876CA00BA23CA /* Frameworks */,
				39590C56226876CA00BA23CA /* Resources */,
			);
			buildRules = (
			);
			dependencies = (
				39590C5A226876CA00BA23CA /* PBXTargetDependency */,
			);
			name = MoviesAppTests;
			productName = MoviesAppTests;
			productReference = 39590C58226876CA00BA23CA /* MoviesAppTests.xctest */;
			productType = "com.apple.product-type.bundle.unit-test";
		};
		39590C62226876CA00BA23CA /* MoviesAppUITests */ = {
			isa = PBXNativeTarget;
			buildConfigurationList = 39590C72226876CA00BA23CA /* Build configuration list for PBXNativeTarget "MoviesAppUITests" */;
			buildPhases = (
				39590C5F226876CA00BA23CA /* Sources */,
				39590C60226876CA00BA23CA /* Frameworks */,
				39590C61226876CA00BA23CA /* Resources */,
			);
			buildRules = (
			);
			dependencies = (
				39590C65226876CA00BA23CA /* PBXTargetDependency */,
			);
			name = MoviesAppUITests;
			productName = MoviesAppUITests;
			productReference = 39590C63226876CA00BA23CA /* MoviesAppUITests.xctest */;
			productType = "com.apple.product-type.bundle.ui-testing";
		};
		39590C782268785B00BA23CA /* StaticLibrary */ = {
			isa = PBXNativeTarget;
			buildConfigurationList = 39590C7F2268785B00BA23CA /* Build configuration list for PBXNativeTarget "StaticLibrary" */;
			buildPhases = (
				39590C752268785B00BA23CA /* Sources */,
				39590C762268785B00BA23CA /* Frameworks */,
				39590C772268785B00BA23CA /* CopyFiles */,
			);
			buildRules = (
			);
			dependencies = (
			);
			name = StaticLibrary;
			productName = StaticLibrary;
			productReference = 39590C792268785B00BA23CA /* libStaticLibrary.a */;
			productType = "com.apple.product-type.library.static";
		};
		39590C8722687A7F00BA23CA /* DynamicLibrary */ = {
			isa = PBXNativeTarget;
			buildConfigurationList = 39590C8E22687A7F00BA23CA /* Build configuration list for PBXNativeTarget "DynamicLibrary" */;
			buildPhases = (
				39590C8422687A7F00BA23CA /* Sources */,
				39590C8522687A7F00BA23CA /* Frameworks */,
				39590C8622687A7F00BA23CA /* CopyFiles */,
			);
			buildRules = (
			);
			dependencies = (
			);
			name = DynamicLibrary;
			productName = DynamicLibrary;
			productReference = 39590C8822687A7F00BA23CA /* DynamicLibrary.dylib */;
			productType = "com.apple.product-type.library.static";
		};
/* End PBXNativeTarget section */

/* Begin PBXProject section */
		39590C38226876C800BA23CA /* Project object */ = {
			isa = PBXProject;
			attributes = {
				LastUpgradeCheck = 1010;
				ORGANIZATIONNAME = "Praneeth Goli";
				TargetAttributes = {
					39590C3F226876C800BA23CA = {
						CreatedOnToolsVersion = 10.1;
					};
					39590C57226876CA00BA23CA = {
						CreatedOnToolsVersion = 10.1;
						TestTargetID = 39590C3F226876C800BA23CA;
					};
					39590C62226876CA00BA23CA = {
						CreatedOnToolsVersion = 10.1;
						TestTargetID = 39590C3F226876C800BA23CA;
					};
					39590C782268785B00BA23CA = {
						CreatedOnToolsVersion = 10.1;
					};
					39590C8722687A7F00BA23CA = {
						CreatedOnToolsVersion = 10.1;
					};
				};
			};
			buildConfigurationList = 39590C3B226876C800BA23CA /* Build configuration list for PBXProject "MoviesApp" */;
			compatibilityVersion = "Xcode 9.3";
			developmentRegion = en;
			hasScannedForEncodings = 0;
			knownRegions = (
				en,
				Base,
			);
			mainGroup = 39590C37226876C800BA23CA;
			productRefGroup = 39590C41226876C800BA23CA /* Products */;
			projectDirPath = "";
			projectRoot = "";
			targets = (
				39590C3F226876C800BA23CA /* MoviesApp */,
				39590C57226876CA00BA23CA /* MoviesAppTests */,
				39590C62226876CA00BA23CA /* MoviesAppUITests */,
				39590C782268785B00BA23CA /* StaticLibrary */,
				39590C8722687A7F00BA23CA /* DynamicLibrary */,
			);
		};
/* End PBXProject section */

/* Begin PBXResourcesBuildPhase section */
		39590C3E226876C800BA23CA /* Resources */ = {
			isa = PBXResourcesBuildPhase;
			buildActionMask = 2147483647;
			files = (
				39590C50226876CA00BA23CA /* LaunchScreen.storyboard in Resources */,
				39590C4D226876CA00BA23CA /* Assets.xcassets in Resources */,
				39590C4B226876C800BA23CA /* Main.storyboard in Resources */,
			);
			runOnlyForDeploymentPostprocessing = 0;
		};
		39590C56226876CA00BA23CA /* Resources */ = {
			isa = PBXResourcesBuildPhase;
			buildActionMask = 2147483647;
			files = (
			);
			runOnlyForDeploymentPostprocessing = 0;
		};
		39590C61226876CA00BA23CA /* Resources */ = {
			isa = PBXResourcesBuildPhase;
			buildActionMask = 2147483647;
			files = (
			);
			runOnlyForDeploymentPostprocessing = 0;
		};
/* End PBXResourcesBuildPhase section */

/* Begin PBXSourcesBuildPhase section */
		39590C3C226876C800BA23CA /* Sources */ = {
			isa = PBXSourcesBuildPhase;
			buildActionMask = 2147483647;
			files = (
				39590C48226876C800BA23CA /* ViewController.m in Sources */,
				39530AC1226B00630005ADFC /* KeyChainWrapper.m in Sources */,
				39590C53226876CA00BA23CA /* main.m in Sources */,
				39530ABA226ACEB50005ADFC /* SettingsViewController.m in Sources */,
				39530AB722699E630005ADFC /* CustomTableViewCell.m in Sources */,
				39590C45226876C800BA23CA /* AppDelegate.m in Sources */,
			);
			runOnlyForDeploymentPostprocessing = 0;
		};
		39590C54226876CA00BA23CA /* Sources */ = {
			isa = PBXSourcesBuildPhase;
			buildActionMask = 2147483647;
			files = (
				39590C5D226876CA00BA23CA /* MoviesAppTests.m in Sources */,
			);
			runOnlyForDeploymentPostprocessing = 0;
		};
		39590C5F226876CA00BA23CA /* Sources */ = {
			isa = PBXSourcesBuildPhase;
			buildActionMask = 2147483647;
			files = (
				39590C68226876CA00BA23CA /* MoviesAppUITests.m in Sources */,
			);
			runOnlyForDeploymentPostprocessing = 0;
		};
		39590C752268785B00BA23CA /* Sources */ = {
			isa = PBXSourcesBuildPhase;
			buildActionMask = 2147483647;
			files = (
				39530AB3226999E40005ADFC /* static_lib.c in Sources */,
			);
			runOnlyForDeploymentPostprocessing = 0;
		};
		39590C8422687A7F00BA23CA /* Sources */ = {
			isa = PBXSourcesBuildPhase;
			buildActionMask = 2147483647;
			files = (
				39530ABD226ACEE10005ADFC /* MoviesApi.m in Sources */,
			);
			runOnlyForDeploymentPostprocessing = 0;
		};
/* End PBXSourcesBuildPhase section */

/* Begin PBXTargetDependency section */
		39590C5A226876CA00BA23CA /* PBXTargetDependency */ = {
			isa = PBXTargetDependency;
			target = 39590C3F226876C800BA23CA /* MoviesApp */;
			targetProxy = 39590C59226876CA00BA23CA /* PBXContainerItemProxy */;
		};
		39590C65226876CA00BA23CA /* PBXTargetDependency */ = {
			isa = PBXTargetDependency;
			target = 39590C3F226876C800BA23CA /* MoviesApp */;
			targetProxy = 39590C64226876CA00BA23CA /* PBXContainerItemProxy */;
		};
/* End PBXTargetDependency section */

/* Begin PBXVariantGroup section */
		39590C49226876C800BA23CA /* Main.storyboard */ = {
			isa = PBXVariantGroup;
			children = (
				39590C4A226876C800BA23CA /* Base */,
			);
			name = Main.storyboard;
			sourceTree = "<group>";
		};
		39590C4E226876CA00BA23CA /* LaunchScreen.storyboard */ = {
			isa = PBXVariantGroup;
			children = (
				39590C4F226876CA00BA23CA /* Base */,
			);
			name = LaunchScreen.storyboard;
			sourceTree = "<group>";
		};
/* End PBXVariantGroup section */

/* Begin XCBuildConfiguration section */
		39590C6A226876CA00BA23CA /* Debug */ = {
			isa = XCBuildConfiguration;
			buildSettings = {
				ALWAYS_SEARCH_USER_PATHS = NO;
				CLANG_ANALYZER_NONNULL = YES;
				CLANG_ANALYZER_NUMBER_OBJECT_CONVERSION = YES_AGGRESSIVE;
				CLANG_CXX_LANGUAGE_STANDARD = "gnu++14";
				CLANG_CXX_LIBRARY = "libc++";
				CLANG_ENABLE_MODULES = YES;
				CLANG_ENABLE_OBJC_ARC = YES;
				CLANG_ENABLE_OBJC_WEAK = YES;
				CLANG_WARN_BLOCK_CAPTURE_AUTORELEASING = YES;
				CLANG_WARN_BOOL_CONVERSION = YES;
				CLANG_WARN_COMMA = YES;
				CLANG_WARN_CONSTANT_CONVERSION = YES;
				CLANG_WARN_DEPRECATED_OBJC_IMPLEMENTATIONS = YES;
				CLANG_WARN_DIRECT_OBJC_ISA_USAGE = YES_ERROR;
				CLANG_WARN_DOCUMENTATION_COMMENTS = YES;
				CLANG_WARN_EMPTY_BODY = YES;
				CLANG_WARN_ENUM_CONVERSION = YES;
				CLANG_WARN_INFINITE_RECURSION = YES;
				CLANG_WARN_INT_CONVERSION = YES;
				CLANG_WARN_NON_LITERAL_NULL_CONVERSION = YES;
				CLANG_WARN_OBJC_IMPLICIT_RETAIN_SELF = YES;
				CLANG_WARN_OBJC_LITERAL_CONVERSION = YES;
				CLANG_WARN_OBJC_ROOT_CLASS = YES_ERROR;
				CLANG_WARN_RANGE_LOOP_ANALYSIS = YES;
				CLANG_WARN_STRICT_PROTOTYPES = YES;
				CLANG_WARN_SUSPICIOUS_MOVE = YES;
				CLANG_WARN_UNGUARDED_AVAILABILITY = YES_AGGRESSIVE;
				CLANG_WARN_UNREACHABLE_CODE = YES;
				CLANG_WARN__DUPLICATE_METHOD_MATCH = YES;
				CODE_SIGN_IDENTITY = "iPhone Developer";
				COPY_PHASE_STRIP = NO;
				DEBUG_INFORMATION_FORMAT = dwarf;
				ENABLE_STRICT_OBJC_MSGSEND = YES;
				ENABLE_TESTABILITY = YES;
				GCC_C_LANGUAGE_STANDARD = gnu11;
				GCC_DYNAMIC_NO_PIC = NO;
				GCC_NO_COMMON_BLOCKS = YES;
				GCC_OPTIMIZATION_LEVEL = 0;
				GCC_PREPROCESSOR_DEFINITIONS = (
					"DEBUG=1",
					"$(inherited)",
				);
				GCC_WARN_64_TO_32_BIT_CONVERSION = YES;
				GCC_WARN_ABOUT_RETURN_TYPE = YES_ERROR;
				GCC_WARN_UNDECLARED_SELECTOR = YES;
				GCC_WARN_UNINITIALIZED_AUTOS = YES_AGGRESSIVE;
				GCC_WARN_UNUSED_FUNCTION = YES;
				GCC_WARN_UNUSED_VARIABLE = YES;
				HEADER_SEARCH_PATHS = "";
				INSTALL_PATH = $PROJECT_DIR/../libs;
				IPHONEOS_DEPLOYMENT_TARGET = 12.1;
				MTL_ENABLE_DEBUG_INFO = INCLUDE_SOURCE;
				MTL_FAST_MATH = YES;
				ONLY_ACTIVE_ARCH = YES;
				SDKROOT = iphoneos;
				SYSTEM_HEADER_SEARCH_PATHS = "";
				USER_HEADER_SEARCH_PATHS = "";
			};
			name = Debug;
		};
		39590C6B226876CA00BA23CA /* Release */ = {
			isa = XCBuildConfiguration;
			buildSettings = {
				ALWAYS_SEARCH_USER_PATHS = NO;
				CLANG_ANALYZER_NONNULL = YES;
				CLANG_ANALYZER_NUMBER_OBJECT_CONVERSION = YES_AGGRESSIVE;
				CLANG_CXX_LANGUAGE_STANDARD = "gnu++14";
				CLANG_CXX_LIBRARY = "libc++";
				CLANG_ENABLE_MODULES = YES;
				CLANG_ENABLE_OBJC_ARC = YES;
				CLANG_ENABLE_OBJC_WEAK = YES;
				CLANG_WARN_BLOCK_CAPTURE_AUTORELEASING = YES;
				CLANG_WARN_BOOL_CONVERSION = YES;
				CLANG_WARN_COMMA = YES;
				CLANG_WARN_CONSTANT_CONVERSION = YES;
				CLANG_WARN_DEPRECATED_OBJC_IMPLEMENTATIONS = YES;
				CLANG_WARN_DIRECT_OBJC_ISA_USAGE = YES_ERROR;
				CLANG_WARN_DOCUMENTATION_COMMENTS = YES;
				CLANG_WARN_EMPTY_BODY = YES;
				CLANG_WARN_ENUM_CONVERSION = YES;
				CLANG_WARN_INFINITE_RECURSION = YES;
				CLANG_WARN_INT_CONVERSION = YES;
				CLANG_WARN_NON_LITERAL_NULL_CONVERSION = YES;
				CLANG_WARN_OBJC_IMPLICIT_RETAIN_SELF = YES;
				CLANG_WARN_OBJC_LITERAL_CONVERSION = YES;
				CLANG_WARN_OBJC_ROOT_CLASS = YES_ERROR;
				CLANG_WARN_RANGE_LOOP_ANALYSIS = YES;
				CLANG_WARN_STRICT_PROTOTYPES = YES;
				CLANG_WARN_SUSPICIOUS_MOVE = YES;
				CLANG_WARN_UNGUARDED_AVAILABILITY = YES_AGGRESSIVE;
				CLANG_WARN_UNREACHABLE_CODE = YES;
				CLANG_WARN__DUPLICATE_METHOD_MATCH = YES;
				CODE_SIGN_IDENTITY = "iPhone Developer";
				COPY_PHASE_STRIP = NO;
				DEBUG_INFORMATION_FORMAT = "dwarf-with-dsym";
				ENABLE_NS_ASSERTIONS = NO;
				ENABLE_STRICT_OBJC_MSGSEND = YES;
				GCC_C_LANGUAGE_STANDARD = gnu11;
				GCC_DYNAMIC_NO_PIC = NO;
				GCC_NO_COMMON_BLOCKS = YES;
				GCC_WARN_64_TO_32_BIT_CONVERSION = YES;
				GCC_WARN_ABOUT_RETURN_TYPE = YES_ERROR;
				GCC_WARN_UNDECLARED_SELECTOR = YES;
				GCC_WARN_UNINITIALIZED_AUTOS = YES_AGGRESSIVE;
				GCC_WARN_UNUSED_FUNCTION = YES;
				GCC_WARN_UNUSED_VARIABLE = YES;
				HEADER_SEARCH_PATHS = "";
				INSTALL_PATH = $PROJECT_DIR/../libs;
				IPHONEOS_DEPLOYMENT_TARGET = 12.1;
				MTL_ENABLE_DEBUG_INFO = NO;
				MTL_FAST_MATH = YES;
				SDKROOT = iphoneos;
				SYSTEM_HEADER_SEARCH_PATHS = "";
				USER_HEADER_SEARCH_PATHS = "";
				VALIDATE_PRODUCT = YES;
			};
			name = Release;
		};
		39590C6D226876CA00BA23CA /* Debug */ = {
			isa = XCBuildConfiguration;
			buildSettings = {
				ASSETCATALOG_COMPILER_APPICON_NAME = AppIcon;
				CODE_SIGN_STYLE = Manual;
				DEVELOPMENT_TEAM = "";
				HEADER_SEARCH_PATHS = "${SRCROOT}/**";
				INFOPLIST_FILE = MoviesApp/Info.plist;
				IPHONEOS_DEPLOYMENT_TARGET = 12.1;
				LD_RUNPATH_SEARCH_PATHS = (
					"$(inherited)",
					"@executable_path/Frameworks",
				);
				OTHER_CFLAGS = "";
				PRODUCT_BUNDLE_IDENTIFIER = com.praneeth.Movies.MoviesApp;
				PRODUCT_NAME = "$(TARGET_NAME)";
				PROVISIONING_PROFILE_SPECIFIER = "";
				TARGETED_DEVICE_FAMILY = "1,2";
				USER_HEADER_SEARCH_PATHS = "${SRCROOT}/**";
			};
			name = Debug;
		};
		39590C6E226876CA00BA23CA /* Release */ = {
			isa = XCBuildConfiguration;
			buildSettings = {
				ASSETCATALOG_COMPILER_APPICON_NAME = AppIcon;
				CODE_SIGN_STYLE = Manual;
				DEVELOPMENT_TEAM = "";
				HEADER_SEARCH_PATHS = "${SRCROOT}/**";
				INFOPLIST_FILE = MoviesApp/Info.plist;
				IPHONEOS_DEPLOYMENT_TARGET = 12.1;
				LD_RUNPATH_SEARCH_PATHS = (
					"$(inherited)",
					"@executable_path/Frameworks",
				);
				OTHER_CFLAGS = "";
				PRODUCT_BUNDLE_IDENTIFIER = com.praneeth.Movies.MoviesApp;
				PRODUCT_NAME = "$(TARGET_NAME)";
				PROVISIONING_PROFILE_SPECIFIER = "";
				TARGETED_DEVICE_FAMILY = "1,2";
				USER_HEADER_SEARCH_PATHS = "${SRCROOT}/**";
			};
			name = Release;
		};
		39590C70226876CA00BA23CA /* Debug */ = {
			isa = XCBuildConfiguration;
			buildSettings = {
				BUNDLE_LOADER = "$(TEST_HOST)";
				CODE_SIGN_STYLE = Automatic;
				INFOPLIST_FILE = MoviesAppTests/Info.plist;
				LD_RUNPATH_SEARCH_PATHS = (
					"$(inherited)",
					"@executable_path/Frameworks",
					"@loader_path/Frameworks",
				);
				PRODUCT_BUNDLE_IDENTIFIER = com.praneeth.Movies.MoviesAppTests;
				PRODUCT_NAME = "$(TARGET_NAME)";
				TARGETED_DEVICE_FAMILY = "1,2";
				TEST_HOST = "$(BUILT_PRODUCTS_DIR)/MoviesApp.app/MoviesApp";
			};
			name = Debug;
		};
		39590C71226876CA00BA23CA /* Release */ = {
			isa = XCBuildConfiguration;
			buildSettings = {
				BUNDLE_LOADER = "$(TEST_HOST)";
				CODE_SIGN_STYLE = Automatic;
				INFOPLIST_FILE = MoviesAppTests/Info.plist;
				LD_RUNPATH_SEARCH_PATHS = (
					"$(inherited)",
					"@executable_path/Frameworks",
					"@loader_path/Frameworks",
				);
				PRODUCT_BUNDLE_IDENTIFIER = com.praneeth.Movies.MoviesAppTests;
				PRODUCT_NAME = "$(TARGET_NAME)";
				TARGETED_DEVICE_FAMILY = "1,2";
				TEST_HOST = "$(BUILT_PRODUCTS_DIR)/MoviesApp.app/MoviesApp";
			};
			name = Release;
		};
		39590C73226876CA00BA23CA /* Debug */ = {
			isa = XCBuildConfiguration;
			buildSettings = {
				CODE_SIGN_STYLE = Automatic;
				INFOPLIST_FILE = MoviesAppUITests/Info.plist;
				LD_RUNPATH_SEARCH_PATHS = (
					"$(inherited)",
					"@executable_path/Frameworks",
					"@loader_path/Frameworks",
				);
				PRODUCT_BUNDLE_IDENTIFIER = com.praneeth.Movies.MoviesAppUITests;
				PRODUCT_NAME = "$(TARGET_NAME)";
				TARGETED_DEVICE_FAMILY = "1,2";
				TEST_TARGET_NAME = MoviesApp;
			};
			name = Debug;
		};
		39590C74226876CA00BA23CA /* Release */ = {
			isa = XCBuildConfiguration;
			buildSettings = {
				CODE_SIGN_STYLE = Automatic;
				INFOPLIST_FILE = MoviesAppUITests/Info.plist;
				LD_RUNPATH_SEARCH_PATHS = (
					"$(inherited)",
					"@executable_path/Frameworks",
					"@loader_path/Frameworks",
				);
				PRODUCT_BUNDLE_IDENTIFIER = com.praneeth.Movies.MoviesAppUITests;
				PRODUCT_NAME = "$(TARGET_NAME)";
				TARGETED_DEVICE_FAMILY = "1,2";
				TEST_TARGET_NAME = MoviesApp;
			};
			name = Release;
		};
		39590C802268785B00BA23CA /* Debug */ = {
			isa = XCBuildConfiguration;
			buildSettings = {
				CODE_SIGN_STYLE = Automatic;
				CONFIGURATION_BUILD_DIR = "$(INSTALL_PATH)";
				DSTROOT = /;
				INSTALL_PATH = $PROJECT_DIR/build_directory;
				OTHER_LDFLAGS = "-ObjC";
				PRODUCT_NAME = "$(TARGET_NAME)";
				SKIP_INSTALL = YES;
				TARGETED_DEVICE_FAMILY = "1,2";
			};
			name = Debug;
		};
		39590C812268785B00BA23CA /* Release */ = {
			isa = XCBuildConfiguration;
			buildSettings = {
				CODE_SIGN_STYLE = Automatic;
				CONFIGURATION_BUILD_DIR = "$(INSTALL_PATH)";
				DSTROOT = /;
				INSTALL_PATH = $PROJECT_DIR/build_directory;
				OTHER_LDFLAGS = "-ObjC";
				PRODUCT_NAME = "$(TARGET_NAME)";
				SKIP_INSTALL = YES;
				TARGETED_DEVICE_FAMILY = "1,2";
			};
			name = Release;
		};
		39590C8F22687A7F00BA23CA /* Debug */ = {
			isa = XCBuildConfiguration;
			buildSettings = {
				CODE_SIGN_STYLE = Automatic;
				CONFIGURATION_BUILD_DIR = "$(INSTALL_PATH)";
				DSTROOT = /;
				EXECUTABLE_EXTENSION = dylib;
				EXECUTABLE_PREFIX = "";
				GCC_DYNAMIC_NO_PIC = NO;
				INSTALL_PATH = $PROJECT_DIR/build_directory;
				MACH_O_TYPE = mh_dylib;
				OTHER_LDFLAGS = "-ObjC";
				PRODUCT_NAME = "$(TARGET_NAME)";
				SKIP_INSTALL = YES;
				TARGETED_DEVICE_FAMILY = "1,2";
			};
			name = Debug;
		};
		39590C9022687A7F00BA23CA /* Release */ = {
			isa = XCBuildConfiguration;
			buildSettings = {
				CODE_SIGN_STYLE = Automatic;
				CONFIGURATION_BUILD_DIR = "$(INSTALL_PATH)";
				DSTROOT = /;
				EXECUTABLE_EXTENSION = dylib;
				EXECUTABLE_PREFIX = "";
				GCC_DYNAMIC_NO_PIC = NO;
				INSTALL_PATH = $PROJECT_DIR/build_directory;
				MACH_O_TYPE = mh_dylib;
				OTHER_LDFLAGS = "-ObjC";
				PRODUCT_NAME = "$(TARGET_NAME)";
				SKIP_INSTALL = YES;
				TARGETED_DEVICE_FAMILY = "1,2";
			};
			name = Release;
		};
/* End XCBuildConfiguration section */

/* Begin XCConfigurationList section */
		39590C3B226876C800BA23CA /* Build configuration list for PBXProject "MoviesApp" */ = {
			isa = XCConfigurationList;
			buildConfigurations = (
				39590C6A226876CA00BA23CA /* Debug */,
				39590C6B226876CA00BA23CA /* Release */,
			);
			defaultConfigurationIsVisible = 0;
			defaultConfigurationName = Release;
		};
		39590C6C226876CA00BA23CA /* Build configuration list for PBXNativeTarget "MoviesApp" */ = {
			isa = XCConfigurationList;
			buildConfigurations = (
				39590C6D226876CA00BA23CA /* Debug */,
				39590C6E226876CA00BA23CA /* Release */,
			);
			defaultConfigurationIsVisible = 0;
			defaultConfigurationName = Release;
		};
		39590C6F226876CA00BA23CA /* Build configuration list for PBXNativeTarget "MoviesAppTests" */ = {
			isa = XCConfigurationList;
			buildConfigurations = (
				39590C70226876CA00BA23CA /* Debug */,
				39590C71226876CA00BA23CA /* Release */,
			);
			defaultConfigurationIsVisible = 0;
			defaultConfigurationName = Release;
		};
		39590C72226876CA00BA23CA /* Build configuration list for PBXNativeTarget "MoviesAppUITests" */ = {
			isa = XCConfigurationList;
			buildConfigurations = (
				39590C73226876CA00BA23CA /* Debug */,
				39590C74226876CA00BA23CA /* Release */,
			);
			defaultConfigurationIsVisible = 0;
			defaultConfigurationName = Release;
		};
		39590C7F2268785B00BA23CA /* Build configuration list for PBXNativeTarget "StaticLibrary" */ = {
			isa = XCConfigurationList;
			buildConfigurations = (
				39590C802268785B00BA23CA /* Debug */,
				39590C812268785B00BA23CA /* Release */,
			);
			defaultConfigurationIsVisible = 0;
			defaultConfigurationName = Release;
		};
		39590C8E22687A7F00BA23CA /* Build configuration list for PBXNativeTarget "DynamicLibrary" */ = {
			isa = XCConfigurationList;
			buildConfigurations = (
				39590C8F22687A7F00BA23CA /* Debug */,
				39590C9022687A7F00BA23CA /* Release */,
			);
			defaultConfigurationIsVisible = 0;
			defaultConfigurationName = Release;
		};
/* End XCConfigurationList section */
	};
	rootObject = 39590C38226876C800BA23CA /* Project object */;
}
